
Microsoft Visual Studio Solution File, Format Version 12.00
# Visual Studio Version 17
VisualStudioVersion = 17.8.34330.188
MinimumVisualStudioVersion = 10.0.40219.1
Project("{FAE04EC0-301F-11D3-BF4B-00C04F79EFBC}") = "EmailAutomation", "EmailAutomation\EmailAutomation.csproj", "{88369B47-8F4E-4577-A44C-457CBAF6611B}"
EndProject
Global
	GlobalSection(SolutionConfigurationPlatforms) = preSolution
		Debug|Any CPU = Debug|Any CPU
		Release|Any CPU = Release|Any CPU
	EndGlobalSection
	GlobalSection(ProjectConfigurationPlatforms) = postSolution
		{88369B47-8F4E-4577-A44C-457CBAF6611B}.Debug|Any CPU.ActiveCfg = Debug|Any CPU
		{88369B47-8F4E-4577-A44C-457CBAF6611B}.Debug|Any CPU.Build.0 = Debug|Any CPU
		{88369B47-8F4E-4577-A44C-457CBAF6611B}.Release|Any CPU.ActiveCfg = Release|Any CPU
		{88369B47-8F4E-4577-A44C-457CBAF6611B}.Release|Any CPU.Build.0 = Release|Any CPU
	EndGlobalSection
	GlobalSection(SolutionProperties) = preSolution
		HideSolutionNode = FALSE
	EndGlobalSection
	GlobalSection(ExtensibilityGlobals) = postSolution
		SolutionGuid = {098CBF25-36C2-4FD3-9608-5A00BD62A1C7}
	EndGlobalSection
EndGlobal
